
Microsoft Visual Studio Solution File, Format Version 12.00
# Visual Studio Version 17
VisualStudioVersion = 17.0.31903.59
MinimumVisualStudioVersion = 10.0.40219.1
Project("{2150E333-8FDC-42A3-9474-1A3956D46DE8}") = "src", "src", "{827E0CD3-B72D-47B6-A68D-7590B98EB39B}"
EndProject
Project("{2150E333-8FDC-42A3-9474-1A3956D46DE8}") = "Services", "Services", "{984BB9B3-3FA3-BE33-9484-CAC21695A33C}"
EndProject
Project("{2150E333-8FDC-42A3-9474-1A3956D46DE8}") = "Catalog", "Catalog", "{C91C1CF1-1625-0789-F869-53D87D6277BA}"
EndProject
Project("{FAE04EC0-301F-11D3-BF4B-00C04F79EFBC}") = "Catalog.Domain", "src\Services\Catalog\Catalog.Domain\Catalog.Domain.csproj", "{3AB60E28-3F14-4B3F-8778-555E15006908}"
EndProject
Project("{FAE04EC0-301F-11D3-BF4B-00C04F79EFBC}") = "Catalog.Application", "src\Services\Catalog\Catalog.Application\Catalog.Application.csproj", "{B29FEDC9-3C8D-4CA3-8DC5-F73908C5C908}"
EndProject
Project("{FAE04EC0-301F-11D3-BF4B-00C04F79EFBC}") = "Catalog.Infrastructure", "src\Services\Catalog\Catalog.Infrastructure\Catalog.Infrastructure.csproj", "{1D0A8451-C7F0-4ED6-ACBE-B98842C3F9ED}"
EndProject
Project("{FAE04EC0-301F-11D3-BF4B-00C04F79EFBC}") = "Catalog.Api", "src\Services\Catalog\Catalog.Api\Catalog.Api.csproj", "{42B42D5E-6F58-4698-9EAB-DB8970FBDF06}"
EndProject
Project("{2150E333-8FDC-42A3-9474-1A3956D46DE8}") = "Identity", "Identity", "{1BFC9479-12BF-35C3-06B8-42D89D95092B}"
EndProject
Project("{FAE04EC0-301F-11D3-BF4B-00C04F79EFBC}") = "Identity.Application", "src\Services\Identity\Identity.Application\Identity.Application.csproj", "{15B1211D-85F0-4899-81C4-1D2A3D7718C4}"
EndProject
Project("{FAE04EC0-301F-11D3-BF4B-00C04F79EFBC}") = "Identity.Infrastructure", "src\Services\Identity\Identity.Infrastructure\Identity.Infrastructure.csproj", "{1EAB16B3-CD2C-49D2-A12A-1E83A4639E68}"
EndProject
Project("{FAE04EC0-301F-11D3-BF4B-00C04F79EFBC}") = "Identity.Api", "src\Services\Identity\Identity.Api\Identity.Api.csproj", "{1DB0E0C6-839C-4335-AABB-D5C3CBBD8C13}"
EndProject
Project("{2150E333-8FDC-42A3-9474-1A3956D46DE8}") = "Basket", "Basket", "{6C0557C3-B1C9-A54D-46F8-F4FBBDE30E30}"
EndProject
Project("{FAE04EC0-301F-11D3-BF4B-00C04F79EFBC}") = "Basket.Api", "src\Services\Basket\Basket.Api\Basket.Api.csproj", "{DFDE7786-0DE7-4C3A-AAD9-219DEBEBB598}"
EndProject
Project("{2150E333-8FDC-42A3-9474-1A3956D46DE8}") = "Inventory", "Inventory", "{CA15E31E-CB60-F235-5CDF-2E527A86A72C}"
EndProject
Project("{FAE04EC0-301F-11D3-BF4B-00C04F79EFBC}") = "Inventory.Domain", "src\Services\Inventory\Inventory.Domain\Inventory.Domain.csproj", "{CF115BDC-E4ED-4050-B5E7-4D9276C53513}"
EndProject
Project("{FAE04EC0-301F-11D3-BF4B-00C04F79EFBC}") = "Inventory.Application", "src\Services\Inventory\Inventory.Application\Inventory.Application.csproj", "{2FD4B0BF-30E5-4A23-899F-9E6ED72E707E}"
EndProject
Project("{FAE04EC0-301F-11D3-BF4B-00C04F79EFBC}") = "Inventory.Infrastructure", "src\Services\Inventory\Inventory.Infrastructure\Inventory.Infrastructure.csproj", "{9F83BA7D-C1AB-4F3E-AC47-D3DD703A2A0E}"
EndProject
Project("{FAE04EC0-301F-11D3-BF4B-00C04F79EFBC}") = "Inventory.Api", "src\Services\Inventory\Inventory.Api\Inventory.Api.csproj", "{A6DDC54E-A3CC-43AA-9800-12BCAA61BBCE}"
EndProject
Project("{2150E333-8FDC-42A3-9474-1A3956D46DE8}") = "tests", "tests", "{0AB3BF05-4346-4AA6-1389-037BE0695223}"
EndProject
Project("{FAE04EC0-301F-11D3-BF4B-00C04F79EFBC}") = "Inventory.UnitTests", "tests\Inventory.UnitTests\Inventory.UnitTests.csproj", "{E5F8A91A-F9F4-45C4-8D63-95226E265373}"
EndProject
Project("{2150E333-8FDC-42A3-9474-1A3956D46DE8}") = "BuildingBlocks", "BuildingBlocks", "{90298CBA-BD6F-3A0A-69D5-97CAD7B05E7E}"
EndProject
Project("{FAE04EC0-301F-11D3-BF4B-00C04F79EFBC}") = "CommerceFlow.BuildingBlocks.Authentication", "src\BuildingBlocks\CommerceFlow.BuildingBlocks.Authentication\CommerceFlow.BuildingBlocks.Authentication.csproj", "{B72EBD81-2FE3-4C4F-9DA8-01710D71BEC4}"
EndProject
Project("{2150E333-8FDC-42A3-9474-1A3956D46DE8}") = "Ordering", "Ordering", "{D3BAB01C-7F3F-8576-96BE-8BE70C9B9915}"
EndProject
Project("{FAE04EC0-301F-11D3-BF4B-00C04F79EFBC}") = "Ordering.Domain", "src\Services\Ordering\Ordering.Domain\Ordering.Domain.csproj", "{9CD93FB2-7A74-44DC-9ED3-4614580CE65C}"
EndProject
Project("{FAE04EC0-301F-11D3-BF4B-00C04F79EFBC}") = "Ordering.Application", "src\Services\Ordering\Ordering.Application\Ordering.Application.csproj", "{51194C77-19D3-4622-80CE-20CECB164780}"
EndProject
Project("{FAE04EC0-301F-11D3-BF4B-00C04F79EFBC}") = "Ordering.Infrastructure", "src\Services\Ordering\Ordering.Infrastructure\Ordering.Infrastructure.csproj", "{8FF2A407-44E5-4DA9-8193-61478F32695D}"
EndProject
Project("{FAE04EC0-301F-11D3-BF4B-00C04F79EFBC}") = "Ordering.Api", "src\Services\Ordering\Ordering.Api\Ordering.Api.csproj", "{33B0E6FD-AA59-4F44-A180-4379B3DC4102}"
EndProject
Project("{FAE04EC0-301F-11D3-BF4B-00C04F79EFBC}") = "Ordering.UnitTests", "tests\Ordering.UnitTests\Ordering.UnitTests.csproj", "{BAFC6DA8-A019-45F4-AF27-880A9CF78679}"
EndProject
Project("{2150E333-8FDC-42A3-9474-1A3956D46DE8}") = "Payment", "Payment", "{3FB03296-F262-2760-9861-73C41AF3766C}"
EndProject
Project("{FAE04EC0-301F-11D3-BF4B-00C04F79EFBC}") = "Payment.Api", "src\Services\Payment\Payment.Api\Payment.Api.csproj", "{D764374F-038E-4098-8F79-2D2201502C31}"
EndProject
Project("{2150E333-8FDC-42A3-9474-1A3956D46DE8}") = "Gateway", "Gateway", "{6306A8FB-679E-111F-6585-8F70E0EE6013}"
EndProject
Project("{FAE04EC0-301F-11D3-BF4B-00C04F79EFBC}") = "CommerceFlow.ApiGateway", "src\Gateway\CommerceFlow.ApiGateway\CommerceFlow.ApiGateway.csproj", "{07127759-7C33-4A42-BFBE-E5A712BEF26A}"
EndProject
Project("{FAE04EC0-301F-11D3-BF4B-00C04F79EFBC}") = "CommerceFlow.BuildingBlocks.Messaging", "src\BuildingBlocks\CommerceFlow.BuildingBlocks.Messaging\CommerceFlow.BuildingBlocks.Messaging.csproj", "{7237B2D9-90BA-4420-90E0-D6E24CE41631}"
EndProject
Project("{2150E333-8FDC-42A3-9474-1A3956D46DE8}") = "Notification", "Notification", "{C5FBE174-8E0F-F5A3-B929-8BD0C55C0A32}"
EndProject
Project("{FAE04EC0-301F-11D3-BF4B-00C04F79EFBC}") = "Notification.Worker", "src\Services\Notification\Notification.Worker\Notification.Worker.csproj", "{37F0394C-6B7D-4FE2-AD19-C659E03D2BA5}"
EndProject
Global
	GlobalSection(SolutionConfigurationPlatforms) = preSolution
		Debug|Any CPU = Debug|Any CPU
		Debug|x64 = Debug|x64
		Debug|x86 = Debug|x86
		Release|Any CPU = Release|Any CPU
		Release|x64 = Release|x64
		Release|x86 = Release|x86
	EndGlobalSection
	GlobalSection(ProjectConfigurationPlatforms) = postSolution
		{3AB60E28-3F14-4B3F-8778-555E15006908}.Debug|Any CPU.ActiveCfg = Debug|Any CPU
		{3AB60E28-3F14-4B3F-8778-555E15006908}.Debug|Any CPU.Build.0 = Debug|Any CPU
		{3AB60E28-3F14-4B3F-8778-555E15006908}.Debug|x64.ActiveCfg = Debug|Any CPU
		{3AB60E28-3F14-4B3F-8778-555E15006908}.Debug|x64.Build.0 = Debug|Any CPU
		{3AB60E28-3F14-4B3F-8778-555E15006908}.Debug|x86.ActiveCfg = Debug|Any CPU
		{3AB60E28-3F14-4B3F-8778-555E15006908}.Debug|x86.Build.0 = Debug|Any CPU
		{3AB60E28-3F14-4B3F-8778-555E15006908}.Release|Any CPU.ActiveCfg = Release|Any CPU
		{3AB60E28-3F14-4B3F-8778-555E15006908}.Release|Any CPU.Build.0 = Release|Any CPU
		{3AB60E28-3F14-4B3F-8778-555E15006908}.Release|x64.ActiveCfg = Release|Any CPU
		{3AB60E28-3F14-4B3F-8778-555E15006908}.Release|x64.Build.0 = Release|Any CPU
		{3AB60E28-3F14-4B3F-8778-555E15006908}.Release|x86.ActiveCfg = Release|Any CPU
		{3AB60E28-3F14-4B3F-8778-555E15006908}.Release|x86.Build.0 = Release|Any CPU
		{B29FEDC9-3C8D-4CA3-8DC5-F73908C5C908}.Debug|Any CPU.ActiveCfg = Debug|Any CPU
		{B29FEDC9-3C8D-4CA3-8DC5-F73908C5C908}.Debug|Any CPU.Build.0 = Debug|Any CPU
		{B29FEDC9-3C8D-4CA3-8DC5-F73908C5C908}.Debug|x64.ActiveCfg = Debug|Any CPU
		{B29FEDC9-3C8D-4CA3-8DC5-F73908C5C908}.Debug|x64.Build.0 = Debug|Any CPU
		{B29FEDC9-3C8D-4CA3-8DC5-F73908C5C908}.Debug|x86.ActiveCfg = Debug|Any CPU
		{B29FEDC9-3C8D-4CA3-8DC5-F73908C5C908}.Debug|x86.Build.0 = Debug|Any CPU
		{B29FEDC9-3C8D-4CA3-8DC5-F73908C5C908}.Release|Any CPU.ActiveCfg = Release|Any CPU
		{B29FEDC9-3C8D-4CA3-8DC5-F73908C5C908}.Release|Any CPU.Build.0 = Release|Any CPU
		{B29FEDC9-3C8D-4CA3-8DC5-F73908C5C908}.Release|x64.ActiveCfg = Release|Any CPU
		{B29FEDC9-3C8D-4CA3-8DC5-F73908C5C908}.Release|x64.Build.0 = Release|Any CPU
		{B29FEDC9-3C8D-4CA3-8DC5-F73908C5C908}.Release|x86.ActiveCfg = Release|Any CPU
		{B29FEDC9-3C8D-4CA3-8DC5-F73908C5C908}.Release|x86.Build.0 = Release|Any CPU
		{1D0A8451-C7F0-4ED6-ACBE-B98842C3F9ED}.Debug|Any CPU.ActiveCfg = Debug|Any CPU
		{1D0A8451-C7F0-4ED6-ACBE-B98842C3F9ED}.Debug|Any CPU.Build.0 = Debug|Any CPU
		{1D0A8451-C7F0-4ED6-ACBE-B98842C3F9ED}.Debug|x64.ActiveCfg = Debug|Any CPU
		{1D0A8451-C7F0-4ED6-ACBE-B98842C3F9ED}.Debug|x64.Build.0 = Debug|Any CPU
		{1D0A8451-C7F0-4ED6-ACBE-B98842C3F9ED}.Debug|x86.ActiveCfg = Debug|Any CPU
		{1D0A8451-C7F0-4ED6-ACBE-B98842C3F9ED}.Debug|x86.Build.0 = Debug|Any CPU
		{1D0A8451-C7F0-4ED6-ACBE-B98842C3F9ED}.Release|Any CPU.ActiveCfg = Release|Any CPU
		{1D0A8451-C7F0-4ED6-ACBE-B98842C3F9ED}.Release|Any CPU.Build.0 = Release|Any CPU
		{1D0A8451-C7F0-4ED6-ACBE-B98842C3F9ED}.Release|x64.ActiveCfg = Release|Any CPU
		{1D0A8451-C7F0-4ED6-ACBE-B98842C3F9ED}.Release|x64.Build.0 = Release|Any CPU
		{1D0A8451-C7F0-4ED6-ACBE-B98842C3F9ED}.Release|x86.ActiveCfg = Release|Any CPU
		{1D0A8451-C7F0-4ED6-ACBE-B98842C3F9ED}.Release|x86.Build.0 = Release|Any CPU
		{42B42D5E-6F58-4698-9EAB-DB8970FBDF06}.Debug|Any CPU.ActiveCfg = Debug|Any CPU
		{42B42D5E-6F58-4698-9EAB-DB8970FBDF06}.Debug|Any CPU.Build.0 = Debug|Any CPU
		{42B42D5E-6F58-4698-9EAB-DB8970FBDF06}.Debug|x64.ActiveCfg = Debug|Any CPU
		{42B42D5E-6F58-4698-9EAB-DB8970FBDF06}.Debug|x64.Build.0 = Debug|Any CPU
		{42B42D5E-6F58-4698-9EAB-DB8970FBDF06}.Debug|x86.ActiveCfg = Debug|Any CPU
		{42B42D5E-6F58-4698-9EAB-DB8970FBDF06}.Debug|x86.Build.0 = Debug|Any CPU
		{42B42D5E-6F58-4698-9EAB-DB8970FBDF06}.Release|Any CPU.ActiveCfg = Release|Any CPU
		{42B42D5E-6F58-4698-9EAB-DB8970FBDF06}.Release|Any CPU.Build.0 = Release|Any CPU
		{42B42D5E-6F58-4698-9EAB-DB8970FBDF06}.Release|x64.ActiveCfg = Release|Any CPU
		{42B42D5E-6F58-4698-9EAB-DB8970FBDF06}.Release|x64.Build.0 = Release|Any CPU
		{42B42D5E-6F58-4698-9EAB-DB8970FBDF06}.Release|x86.ActiveCfg = Release|Any CPU
		{42B42D5E-6F58-4698-9EAB-DB8970FBDF06}.Release|x86.Build.0 = Release|Any CPU
		{15B1211D-85F0-4899-81C4-1D2A3D7718C4}.Debug|Any CPU.ActiveCfg = Debug|Any CPU
		{15B1211D-85F0-4899-81C4-1D2A3D7718C4}.Debug|Any CPU.Build.0 = Debug|Any CPU
		{15B1211D-85F0-4899-81C4-1D2A3D7718C4}.Debug|x64.ActiveCfg = Debug|Any CPU
		{15B1211D-85F0-4899-81C4-1D2A3D7718C4}.Debug|x64.Build.0 = Debug|Any CPU
		{15B1211D-85F0-4899-81C4-1D2A3D7718C4}.Debug|x86.ActiveCfg = Debug|Any CPU
		{15B1211D-85F0-4899-81C4-1D2A3D7718C4}.Debug|x86.Build.0 = Debug|Any CPU
		{15B1211D-85F0-4899-81C4-1D2A3D7718C4}.Release|Any CPU.ActiveCfg = Release|Any CPU
		{15B1211D-85F0-4899-81C4-1D2A3D7718C4}.Release|Any CPU.Build.0 = Release|Any CPU
		{15B1211D-85F0-4899-81C4-1D2A3D7718C4}.Release|x64.ActiveCfg = Release|Any CPU
		{15B1211D-85F0-4899-81C4-1D2A3D7718C4}.Release|x64.Build.0 = Release|Any CPU
		{15B1211D-85F0-4899-81C4-1D2A3D7718C4}.Release|x86.ActiveCfg = Release|Any CPU
		{15B1211D-85F0-4899-81C4-1D2A3D7718C4}.Release|x86.Build.0 = Release|Any CPU
		{1EAB16B3-CD2C-49D2-A12A-1E83A4639E68}.Debug|Any CPU.ActiveCfg = Debug|Any CPU
		{1EAB16B3-CD2C-49D2-A12A-1E83A4639E68}.Debug|Any CPU.Build.0 = Debug|Any CPU
		{1EAB16B3-CD2C-49D2-A12A-1E83A4639E68}.Debug|x64.ActiveCfg = Debug|Any CPU
		{1EAB16B3-CD2C-49D2-A12A-1E83A4639E68}.Debug|x64.Build.0 = Debug|Any CPU
		{1EAB16B3-CD2C-49D2-A12A-1E83A4639E68}.Debug|x86.ActiveCfg = Debug|Any CPU
		{1EAB16B3-CD2C-49D2-A12A-1E83A4639E68}.Debug|x86.Build.0 = Debug|Any CPU
		{1EAB16B3-CD2C-49D2-A12A-1E83A4639E68}.Release|Any CPU.ActiveCfg = Release|Any CPU
		{1EAB16B3-CD2C-49D2-A12A-1E83A4639E68}.Release|Any CPU.Build.0 = Release|Any CPU
		{1EAB16B3-CD2C-49D2-A12A-1E83A4639E68}.Release|x64.ActiveCfg = Release|Any CPU
		{1EAB16B3-CD2C-49D2-A12A-1E83A4639E68}.Release|x64.Build.0 = Release|Any CPU
		{1EAB16B3-CD2C-49D2-A12A-1E83A4639E68}.Release|x86.ActiveCfg = Release|Any CPU
		{1EAB16B3-CD2C-49D2-A12A-1E83A4639E68}.Release|x86.Build.0 = Release|Any CPU
		{1DB0E0C6-839C-4335-AABB-D5C3CBBD8C13}.Debug|Any CPU.ActiveCfg = Debug|Any CPU
		{1DB0E0C6-839C-4335-AABB-D5C3CBBD8C13}.Debug|Any CPU.Build.0 = Debug|Any CPU
		{1DB0E0C6-839C-4335-AABB-D5C3CBBD8C13}.Debug|x64.ActiveCfg = Debug|Any CPU
		{1DB0E0C6-839C-4335-AABB-D5C3CBBD8C13}.Debug|x64.Build.0 = Debug|Any CPU
		{1DB0E0C6-839C-4335-AABB-D5C3CBBD8C13}.Debug|x86.ActiveCfg = Debug|Any CPU
		{1DB0E0C6-839C-4335-AABB-D5C3CBBD8C13}.Debug|x86.Build.0 = Debug|Any CPU
		{1DB0E0C6-839C-4335-AABB-D5C3CBBD8C13}.Release|Any CPU.ActiveCfg = Release|Any CPU
		{1DB0E0C6-839C-4335-AABB-D5C3CBBD8C13}.Release|Any CPU.Build.0 = Release|Any CPU
		{1DB0E0C6-839C-4335-AABB-D5C3CBBD8C13}.Release|x64.ActiveCfg = Release|Any CPU
		{1DB0E0C6-839C-4335-AABB-D5C3CBBD8C13}.Release|x64.Build.0 = Release|Any CPU
		{1DB0E0C6-839C-4335-AABB-D5C3CBBD8C13}.Release|x86.ActiveCfg = Release|Any CPU
		{1DB0E0C6-839C-4335-AABB-D5C3CBBD8C13}.Release|x86.Build.0 = Release|Any CPU
		{DFDE7786-0DE7-4C3A-AAD9-219DEBEBB598}.Debug|Any CPU.ActiveCfg = Debug|Any CPU
		{DFDE7786-0DE7-4C3A-AAD9-219DEBEBB598}.Debug|Any CPU.Build.0 = Debug|Any CPU
		{DFDE7786-0DE7-4C3A-AAD9-219DEBEBB598}.Debug|x64.ActiveCfg = Debug|Any CPU
		{DFDE7786-0DE7-4C3A-AAD9-219DEBEBB598}.Debug|x64.Build.0 = Debug|Any CPU
		{DFDE7786-0DE7-4C3A-AAD9-219DEBEBB598}.Debug|x86.ActiveCfg = Debug|Any CPU
		{DFDE7786-0DE7-4C3A-AAD9-219DEBEBB598}.Debug|x86.Build.0 = Debug|Any CPU
		{DFDE7786-0DE7-4C3A-AAD9-219DEBEBB598}.Release|Any CPU.ActiveCfg = Release|Any CPU
		{DFDE7786-0DE7-4C3A-AAD9-219DEBEBB598}.Release|Any CPU.Build.0 = Release|Any CPU
		{DFDE7786-0DE7-4C3A-AAD9-219DEBEBB598}.Release|x64.ActiveCfg = Release|Any CPU
		{DFDE7786-0DE7-4C3A-AAD9-219DEBEBB598}.Release|x64.Build.0 = Release|Any CPU
		{DFDE7786-0DE7-4C3A-AAD9-219DEBEBB598}.Release|x86.ActiveCfg = Release|Any CPU
		{DFDE7786-0DE7-4C3A-AAD9-219DEBEBB598}.Release|x86.Build.0 = Release|Any CPU
		{CF115BDC-E4ED-4050-B5E7-4D9276C53513}.Debug|Any CPU.ActiveCfg = Debug|Any CPU
		{CF115BDC-E4ED-4050-B5E7-4D9276C53513}.Debug|Any CPU.Build.0 = Debug|Any CPU
		{CF115BDC-E4ED-4050-B5E7-4D9276C53513}.Debug|x64.ActiveCfg = Debug|Any CPU
		{CF115BDC-E4ED-4050-B5E7-4D9276C53513}.Debug|x64.Build.0 = Debug|Any CPU
		{CF115BDC-E4ED-4050-B5E7-4D9276C53513}.Debug|x86.ActiveCfg = Debug|Any CPU
		{CF115BDC-E4ED-4050-B5E7-4D9276C53513}.Debug|x86.Build.0 = Debug|Any CPU
		{CF115BDC-E4ED-4050-B5E7-4D9276C53513}.Release|Any CPU.ActiveCfg = Release|Any CPU
		{CF115BDC-E4ED-4050-B5E7-4D9276C53513}.Release|Any CPU.Build.0 = Release|Any CPU
		{CF115BDC-E4ED-4050-B5E7-4D9276C53513}.Release|x64.ActiveCfg = Release|Any CPU
		{CF115BDC-E4ED-4050-B5E7-4D9276C53513}.Release|x64.Build.0 = Release|Any CPU
		{CF115BDC-E4ED-4050-B5E7-4D9276C53513}.Release|x86.ActiveCfg = Release|Any CPU
		{CF115BDC-E4ED-4050-B5E7-4D9276C53513}.Release|x86.Build.0 = Release|Any CPU
		{2FD4B0BF-30E5-4A23-899F-9E6ED72E707E}.Debug|Any CPU.ActiveCfg = Debug|Any CPU
		{2FD4B0BF-30E5-4A23-899F-9E6ED72E707E}.Debug|Any CPU.Build.0 = Debug|Any CPU
		{2FD4B0BF-30E5-4A23-899F-9E6ED72E707E}.Debug|x64.ActiveCfg = Debug|Any CPU
		{2FD4B0BF-30E5-4A23-899F-9E6ED72E707E}.Debug|x64.Build.0 = Debug|Any CPU
		{2FD4B0BF-30E5-4A23-899F-9E6ED72E707E}.Debug|x86.ActiveCfg = Debug|Any CPU
		{2FD4B0BF-30E5-4A23-899F-9E6ED72E707E}.Debug|x86.Build.0 = Debug|Any CPU
		{2FD4B0BF-30E5-4A23-899F-9E6ED72E707E}.Release|Any CPU.ActiveCfg = Release|Any CPU
		{2FD4B0BF-30E5-4A23-899F-9E6ED72E707E}.Release|Any CPU.Build.0 = Release|Any CPU
		{2FD4B0BF-30E5-4A23-899F-9E6ED72E707E}.Release|x64.ActiveCfg = Release|Any CPU
		{2FD4B0BF-30E5-4A23-899F-9E6ED72E707E}.Release|x64.Build.0 = Release|Any CPU
		{2FD4B0BF-30E5-4A23-899F-9E6ED72E707E}.Release|x86.ActiveCfg = Release|Any CPU
		{2FD4B0BF-30E5-4A23-899F-9E6ED72E707E}.Release|x86.Build.0 = Release|Any CPU
		{9F83BA7D-C1AB-4F3E-AC47-D3DD703A2A0E}.Debug|Any CPU.ActiveCfg = Debug|Any CPU
		{9F83BA7D-C1AB-4F3E-AC47-D3DD703A2A0E}.Debug|Any CPU.Build.0 = Debug|Any CPU
		{9F83BA7D-C1AB-4F3E-AC47-D3DD703A2A0E}.Debug|x64.ActiveCfg = Debug|Any CPU
		{9F83BA7D-C1AB-4F3E-AC47-D3DD703A2A0E}.Debug|x64.Build.0 = Debug|Any CPU
		{9F83BA7D-C1AB-4F3E-AC47-D3DD703A2A0E}.Debug|x86.ActiveCfg = Debug|Any CPU
		{9F83BA7D-C1AB-4F3E-AC47-D3DD703A2A0E}.Debug|x86.Build.0 = Debug|Any CPU
		{9F83BA7D-C1AB-4F3E-AC47-D3DD703A2A0E}.Release|Any CPU.ActiveCfg = Release|Any CPU
		{9F83BA7D-C1AB-4F3E-AC47-D3DD703A2A0E}.Release|Any CPU.Build.0 = Release|Any CPU
		{9F83BA7D-C1AB-4F3E-AC47-D3DD703A2A0E}.Release|x64.ActiveCfg = Release|Any CPU
		{9F83BA7D-C1AB-4F3E-AC47-D3DD703A2A0E}.Release|x64.Build.0 = Release|Any CPU
		{9F83BA7D-C1AB-4F3E-AC47-D3DD703A2A0E}.Release|x86.ActiveCfg = Release|Any CPU
		{9F83BA7D-C1AB-4F3E-AC47-D3DD703A2A0E}.Release|x86.Build.0 = Release|Any CPU
		{A6DDC54E-A3CC-43AA-9800-12BCAA61BBCE}.Debug|Any CPU.ActiveCfg = Debug|Any CPU
		{A6DDC54E-A3CC-43AA-9800-12BCAA61BBCE}.Debug|Any CPU.Build.0 = Debug|Any CPU
		{A6DDC54E-A3CC-43AA-9800-12BCAA61BBCE}.Debug|x64.ActiveCfg = Debug|Any CPU
		{A6DDC54E-A3CC-43AA-9800-12BCAA61BBCE}.Debug|x64.Build.0 = Debug|Any CPU
		{A6DDC54E-A3CC-43AA-9800-12BCAA61BBCE}.Debug|x86.ActiveCfg = Debug|Any CPU
		{A6DDC54E-A3CC-43AA-9800-12BCAA61BBCE}.Debug|x86.Build.0 = Debug|Any CPU
		{A6DDC54E-A3CC-43AA-9800-12BCAA61BBCE}.Release|Any CPU.ActiveCfg = Release|Any CPU
		{A6DDC54E-A3CC-43AA-9800-12BCAA61BBCE}.Release|Any CPU.Build.0 = Release|Any CPU
		{A6DDC54E-A3CC-43AA-9800-12BCAA61BBCE}.Release|x64.ActiveCfg = Release|Any CPU
		{A6DDC54E-A3CC-43AA-9800-12BCAA61BBCE}.Release|x64.Build.0 = Release|Any CPU
		{A6DDC54E-A3CC-43AA-9800-12BCAA61BBCE}.Release|x86.ActiveCfg = Release|Any CPU
		{A6DDC54E-A3CC-43AA-9800-12BCAA61BBCE}.Release|x86.Build.0 = Release|Any CPU
		{E5F8A91A-F9F4-45C4-8D63-95226E265373}.Debug|Any CPU.ActiveCfg = Debug|Any CPU
		{E5F8A91A-F9F4-45C4-8D63-95226E265373}.Debug|Any CPU.Build.0 = Debug|Any CPU
		{E5F8A91A-F9F4-45C4-8D63-95226E265373}.Debug|x64.ActiveCfg = Debug|Any CPU
		{E5F8A91A-F9F4-45C4-8D63-95226E265373}.Debug|x64.Build.0 = Debug|Any CPU
		{E5F8A91A-F9F4-45C4-8D63-95226E265373}.Debug|x86.ActiveCfg = Debug|Any CPU
		{E5F8A91A-F9F4-45C4-8D63-95226E265373}.Debug|x86.Build.0 = Debug|Any CPU
		{E5F8A91A-F9F4-45C4-8D63-95226E265373}.Release|Any CPU.ActiveCfg = Release|Any CPU
		{E5F8A91A-F9F4-45C4-8D63-95226E265373}.Release|Any CPU.Build.0 = Release|Any CPU
		{E5F8A91A-F9F4-45C4-8D63-95226E265373}.Release|x64.ActiveCfg = Release|Any CPU
		{E5F8A91A-F9F4-45C4-8D63-95226E265373}.Release|x64.Build.0 = Release|Any CPU
		{E5F8A91A-F9F4-45C4-8D63-95226E265373}.Release|x86.ActiveCfg = Release|Any CPU
		{E5F8A91A-F9F4-45C4-8D63-95226E265373}.Release|x86.Build.0 = Release|Any CPU
		{B72EBD81-2FE3-4C4F-9DA8-01710D71BEC4}.Debug|Any CPU.ActiveCfg = Debug|Any CPU
		{B72EBD81-2FE3-4C4F-9DA8-01710D71BEC4}.Debug|Any CPU.Build.0 = Debug|Any CPU
		{B72EBD81-2FE3-4C4F-9DA8-01710D71BEC4}.Debug|x64.ActiveCfg = Debug|Any CPU
		{B72EBD81-2FE3-4C4F-9DA8-01710D71BEC4}.Debug|x64.Build.0 = Debug|Any CPU
		{B72EBD81-2FE3-4C4F-9DA8-01710D71BEC4}.Debug|x86.ActiveCfg = Debug|Any CPU
		{B72EBD81-2FE3-4C4F-9DA8-01710D71BEC4}.Debug|x86.Build.0 = Debug|Any CPU
		{B72EBD81-2FE3-4C4F-9DA8-01710D71BEC4}.Release|Any CPU.ActiveCfg = Release|Any CPU
		{B72EBD81-2FE3-4C4F-9DA8-01710D71BEC4}.Release|Any CPU.Build.0 = Release|Any CPU
		{B72EBD81-2FE3-4C4F-9DA8-01710D71BEC4}.Release|x64.ActiveCfg = Release|Any CPU
		{B72EBD81-2FE3-4C4F-9DA8-01710D71BEC4}.Release|x64.Build.0 = Release|Any CPU
		{B72EBD81-2FE3-4C4F-9DA8-01710D71BEC4}.Release|x86.ActiveCfg = Release|Any CPU
		{B72EBD81-2FE3-4C4F-9DA8-01710D71BEC4}.Release|x86.Build.0 = Release|Any CPU
		{9CD93FB2-7A74-44DC-9ED3-4614580CE65C}.Debug|Any CPU.ActiveCfg = Debug|Any CPU
		{9CD93FB2-7A74-44DC-9ED3-4614580CE65C}.Debug|Any CPU.Build.0 = Debug|Any CPU
		{9CD93FB2-7A74-44DC-9ED3-4614580CE65C}.Debug|x64.ActiveCfg = Debug|Any CPU
		{9CD93FB2-7A74-44DC-9ED3-4614580CE65C}.Debug|x64.Build.0 = Debug|Any CPU
		{9CD93FB2-7A74-44DC-9ED3-4614580CE65C}.Debug|x86.ActiveCfg = Debug|Any CPU
		{9CD93FB2-7A74-44DC-9ED3-4614580CE65C}.Debug|x86.Build.0 = Debug|Any CPU
		{9CD93FB2-7A74-44DC-9ED3-4614580CE65C}.Release|Any CPU.ActiveCfg = Release|Any CPU
		{9CD93FB2-7A74-44DC-9ED3-4614580CE65C}.Release|Any CPU.Build.0 = Release|Any CPU
		{9CD93FB2-7A74-44DC-9ED3-4614580CE65C}.Release|x64.ActiveCfg = Release|Any CPU
		{9CD93FB2-7A74-44DC-9ED3-4614580CE65C}.Release|x64.Build.0 = Release|Any CPU
		{9CD93FB2-7A74-44DC-9ED3-4614580CE65C}.Release|x86.ActiveCfg = Release|Any CPU
		{9CD93FB2-7A74-44DC-9ED3-4614580CE65C}.Release|x86.Build.0 = Release|Any CPU
		{51194C77-19D3-4622-80CE-20CECB164780}.Debug|Any CPU.ActiveCfg = Debug|Any CPU
		{51194C77-19D3-4622-80CE-20CECB164780}.Debug|Any CPU.Build.0 = Debug|Any CPU
		{51194C77-19D3-4622-80CE-20CECB164780}.Debug|x64.ActiveCfg = Debug|Any CPU
		{51194C77-19D3-4622-80CE-20CECB164780}.Debug|x64.Build.0 = Debug|Any CPU
		{51194C77-19D3-4622-80CE-20CECB164780}.Debug|x86.ActiveCfg = Debug|Any CPU
		{51194C77-19D3-4622-80CE-20CECB164780}.Debug|x86.Build.0 = Debug|Any CPU
		{51194C77-19D3-4622-80CE-20CECB164780}.Release|Any CPU.ActiveCfg = Release|Any CPU
		{51194C77-19D3-4622-80CE-20CECB164780}.Release|Any CPU.Build.0 = Release|Any CPU
		{51194C77-19D3-4622-80CE-20CECB164780}.Release|x64.ActiveCfg = Release|Any CPU
		{51194C77-19D3-4622-80CE-20CECB164780}.Release|x64.Build.0 = Release|Any CPU
		{51194C77-19D3-4622-80CE-20CECB164780}.Release|x86.ActiveCfg = Release|Any CPU
		{51194C77-19D3-4622-80CE-20CECB164780}.Release|x86.Build.0 = Release|Any CPU
		{8FF2A407-44E5-4DA9-8193-61478F32695D}.Debug|Any CPU.ActiveCfg = Debug|Any CPU
		{8FF2A407-44E5-4DA9-8193-61478F32695D}.Debug|Any CPU.Build.0 = Debug|Any CPU
		{8FF2A407-44E5-4DA9-8193-61478F32695D}.Debug|x64.ActiveCfg = Debug|Any CPU
		{8FF2A407-44E5-4DA9-8193-61478F32695D}.Debug|x64.Build.0 = Debug|Any CPU
		{8FF2A407-44E5-4DA9-8193-61478F32695D}.Debug|x86.ActiveCfg = Debug|Any CPU
		{8FF2A407-44E5-4DA9-8193-61478F32695D}.Debug|x86.Build.0 = Debug|Any CPU
		{8FF2A407-44E5-4DA9-8193-61478F32695D}.Release|Any CPU.ActiveCfg = Release|Any CPU
		{8FF2A407-44E5-4DA9-8193-61478F32695D}.Release|Any CPU.Build.0 = Release|Any CPU
		{8FF2A407-44E5-4DA9-8193-61478F32695D}.Release|x64.ActiveCfg = Release|Any CPU
		{8FF2A407-44E5-4DA9-8193-61478F32695D}.Release|x64.Build.0 = Release|Any CPU
		{8FF2A407-44E5-4DA9-8193-61478F32695D}.Release|x86.ActiveCfg = Release|Any CPU
		{8FF2A407-44E5-4DA9-8193-61478F32695D}.Release|x86.Build.0 = Release|Any CPU
		{33B0E6FD-AA59-4F44-A180-4379B3DC4102}.Debug|Any CPU.ActiveCfg = Debug|Any CPU
		{33B0E6FD-AA59-4F44-A180-4379B3DC4102}.Debug|Any CPU.Build.0 = Debug|Any CPU
		{33B0E6FD-AA59-4F44-A180-4379B3DC4102}.Debug|x64.ActiveCfg = Debug|Any CPU
		{33B0E6FD-AA59-4F44-A180-4379B3DC4102}.Debug|x64.Build.0 = Debug|Any CPU
		{33B0E6FD-AA59-4F44-A180-4379B3DC4102}.Debug|x86.ActiveCfg = Debug|Any CPU
		{33B0E6FD-AA59-4F44-A180-4379B3DC4102}.Debug|x86.Build.0 = Debug|Any CPU
		{33B0E6FD-AA59-4F44-A180-4379B3DC4102}.Release|Any CPU.ActiveCfg = Release|Any CPU
		{33B0E6FD-AA59-4F44-A180-4379B3DC4102}.Release|Any CPU.Build.0 = Release|Any CPU
		{33B0E6FD-AA59-4F44-A180-4379B3DC4102}.Release|x64.ActiveCfg = Release|Any CPU
		{33B0E6FD-AA59-4F44-A180-4379B3DC4102}.Release|x64.Build.0 = Release|Any CPU
		{33B0E6FD-AA59-4F44-A180-4379B3DC4102}.Release|x86.ActiveCfg = Release|Any CPU
		{33B0E6FD-AA59-4F44-A180-4379B3DC4102}.Release|x86.Build.0 = Release|Any CPU
		{BAFC6DA8-A019-45F4-AF27-880A9CF78679}.Debug|Any CPU.ActiveCfg = Debug|Any CPU
		{BAFC6DA8-A019-45F4-AF27-880A9CF78679}.Debug|Any CPU.Build.0 = Debug|Any CPU
		{BAFC6DA8-A019-45F4-AF27-880A9CF78679}.Debug|x64.ActiveCfg = Debug|Any CPU
		{BAFC6DA8-A019-45F4-AF27-880A9CF78679}.Debug|x64.Build.0 = Debug|Any CPU
		{BAFC6DA8-A019-45F4-AF27-880A9CF78679}.Debug|x86.ActiveCfg = Debug|Any CPU
		{BAFC6DA8-A019-45F4-AF27-880A9CF78679}.Debug|x86.Build.0 = Debug|Any CPU
		{BAFC6DA8-A019-45F4-AF27-880A9CF78679}.Release|Any CPU.ActiveCfg = Release|Any CPU
		{BAFC6DA8-A019-45F4-AF27-880A9CF78679}.Release|Any CPU.Build.0 = Release|Any CPU
		{BAFC6DA8-A019-45F4-AF27-880A9CF78679}.Release|x64.ActiveCfg = Release|Any CPU
		{BAFC6DA8-A019-45F4-AF27-880A9CF78679}.Release|x64.Build.0 = Release|Any CPU
		{BAFC6DA8-A019-45F4-AF27-880A9CF78679}.Release|x86.ActiveCfg = Release|Any CPU
		{BAFC6DA8-A019-45F4-AF27-880A9CF78679}.Release|x86.Build.0 = Release|Any CPU
		{D764374F-038E-4098-8F79-2D2201502C31}.Debug|Any CPU.ActiveCfg = Debug|Any CPU
		{D764374F-038E-4098-8F79-2D2201502C31}.Debug|Any CPU.Build.0 = Debug|Any CPU
		{D764374F-038E-4098-8F79-2D2201502C31}.Debug|x64.ActiveCfg = Debug|Any CPU
		{D764374F-038E-4098-8F79-2D2201502C31}.Debug|x64.Build.0 = Debug|Any CPU
		{D764374F-038E-4098-8F79-2D2201502C31}.Debug|x86.ActiveCfg = Debug|Any CPU
		{D764374F-038E-4098-8F79-2D2201502C31}.Debug|x86.Build.0 = Debug|Any CPU
		{D764374F-038E-4098-8F79-2D2201502C31}.Release|Any CPU.ActiveCfg = Release|Any CPU
		{D764374F-038E-4098-8F79-2D2201502C31}.Release|Any CPU.Build.0 = Release|Any CPU
		{D764374F-038E-4098-8F79-2D2201502C31}.Release|x64.ActiveCfg = Release|Any CPU
		{D764374F-038E-4098-8F79-2D2201502C31}.Release|x64.Build.0 = Release|Any CPU
		{D764374F-038E-4098-8F79-2D2201502C31}.Release|x86.ActiveCfg = Release|Any CPU
		{D764374F-038E-4098-8F79-2D2201502C31}.Release|x86.Build.0 = Release|Any CPU
		{07127759-7C33-4A42-BFBE-E5A712BEF26A}.Debug|Any CPU.ActiveCfg = Debug|Any CPU
		{07127759-7C33-4A42-BFBE-E5A712BEF26A}.Debug|Any CPU.Build.0 = Debug|Any CPU
		{07127759-7C33-4A42-BFBE-E5A712BEF26A}.Debug|x64.ActiveCfg = Debug|Any CPU
		{07127759-7C33-4A42-BFBE-E5A712BEF26A}.Debug|x64.Build.0 = Debug|Any CPU
		{07127759-7C33-4A42-BFBE-E5A712BEF26A}.Debug|x86.ActiveCfg = Debug|Any CPU
		{07127759-7C33-4A42-BFBE-E5A712BEF26A}.Debug|x86.Build.0 = Debug|Any CPU
		{07127759-7C33-4A42-BFBE-E5A712BEF26A}.Release|Any CPU.ActiveCfg = Release|Any CPU
		{07127759-7C33-4A42-BFBE-E5A712BEF26A}.Release|Any CPU.Build.0 = Release|Any CPU
		{07127759-7C33-4A42-BFBE-E5A712BEF26A}.Release|x64.ActiveCfg = Release|Any CPU
		{07127759-7C33-4A42-BFBE-E5A712BEF26A}.Release|x64.Build.0 = Release|Any CPU
		{07127759-7C33-4A42-BFBE-E5A712BEF26A}.Release|x86.ActiveCfg = Release|Any CPU
		{07127759-7C33-4A42-BFBE-E5A712BEF26A}.Release|x86.Build.0 = Release|Any CPU
		{7237B2D9-90BA-4420-90E0-D6E24CE41631}.Debug|Any CPU.ActiveCfg = Debug|Any CPU
		{7237B2D9-90BA-4420-90E0-D6E24CE41631}.Debug|Any CPU.Build.0 = Debug|Any CPU
		{7237B2D9-90BA-4420-90E0-D6E24CE41631}.Debug|x64.ActiveCfg = Debug|Any CPU
		{7237B2D9-90BA-4420-90E0-D6E24CE41631}.Debug|x64.Build.0 = Debug|Any CPU
		{7237B2D9-90BA-4420-90E0-D6E24CE41631}.Debug|x86.ActiveCfg = Debug|Any CPU
		{7237B2D9-90BA-4420-90E0-D6E24CE41631}.Debug|x86.Build.0 = Debug|Any CPU
		{7237B2D9-90BA-4420-90E0-D6E24CE41631}.Release|Any CPU.ActiveCfg = Release|Any CPU
		{7237B2D9-90BA-4420-90E0-D6E24CE41631}.Release|Any CPU.Build.0 = Release|Any CPU
		{7237B2D9-90BA-4420-90E0-D6E24CE41631}.Release|x64.ActiveCfg = Release|Any CPU
		{7237B2D9-90BA-4420-90E0-D6E24CE41631}.Release|x64.Build.0 = Release|Any CPU
		{7237B2D9-90BA-4420-90E0-D6E24CE41631}.Release|x86.ActiveCfg = Release|Any CPU
		{7237B2D9-90BA-4420-90E0-D6E24CE41631}.Release|x86.Build.0 = Release|Any CPU
		{37F0394C-6B7D-4FE2-AD19-C659E03D2BA5}.Debug|Any CPU.ActiveCfg = Debug|Any CPU
		{37F0394C-6B7D-4FE2-AD19-C659E03D2BA5}.Debug|Any CPU.Build.0 = Debug|Any CPU
		{37F0394C-6B7D-4FE2-AD19-C659E03D2BA5}.Debug|x64.ActiveCfg = Debug|Any CPU
		{37F0394C-6B7D-4FE2-AD19-C659E03D2BA5}.Debug|x64.Build.0 = Debug|Any CPU
		{37F0394C-6B7D-4FE2-AD19-C659E03D2BA5}.Debug|x86.ActiveCfg = Debug|Any CPU
		{37F0394C-6B7D-4FE2-AD19-C659E03D2BA5}.Debug|x86.Build.0 = Debug|Any CPU
		{37F0394C-6B7D-4FE2-AD19-C659E03D2BA5}.Release|Any CPU.ActiveCfg = Release|Any CPU
		{37F0394C-6B7D-4FE2-AD19-C659E03D2BA5}.Release|Any CPU.Build.0 = Release|Any CPU
		{37F0394C-6B7D-4FE2-AD19-C659E03D2BA5}.Release|x64.ActiveCfg = Release|Any CPU
		{37F0394C-6B7D-4FE2-AD19-C659E03D2BA5}.Release|x64.Build.0 = Release|Any CPU
		{37F0394C-6B7D-4FE2-AD19-C659E03D2BA5}.Release|x86.ActiveCfg = Release|Any CPU
		{37F0394C-6B7D-4FE2-AD19-C659E03D2BA5}.Release|x86.Build.0 = Release|Any CPU
	EndGlobalSection
	GlobalSection(SolutionProperties) = preSolution
		HideSolutionNode = FALSE
	EndGlobalSection
	GlobalSection(NestedProjects) = preSolution
		{984BB9B3-3FA3-BE33-9484-CAC21695A33C} = {827E0CD3-B72D-47B6-A68D-7590B98EB39B}
		{C91C1CF1-1625-0789-F869-53D87D6277BA} = {984BB9B3-3FA3-BE33-9484-CAC21695A33C}
		{3AB60E28-3F14-4B3F-8778-555E15006908} = {C91C1CF1-1625-0789-F869-53D87D6277BA}
		{B29FEDC9-3C8D-4CA3-8DC5-F73908C5C908} = {C91C1CF1-1625-0789-F869-53D87D6277BA}
		{1D0A8451-C7F0-4ED6-ACBE-B98842C3F9ED} = {C91C1CF1-1625-0789-F869-53D87D6277BA}
		{42B42D5E-6F58-4698-9EAB-DB8970FBDF06} = {C91C1CF1-1625-0789-F869-53D87D6277BA}
		{1BFC9479-12BF-35C3-06B8-42D89D95092B} = {984BB9B3-3FA3-BE33-9484-CAC21695A33C}
		{15B1211D-85F0-4899-81C4-1D2A3D7718C4} = {1BFC9479-12BF-35C3-06B8-42D89D95092B}
		{1EAB16B3-CD2C-49D2-A12A-1E83A4639E68} = {1BFC9479-12BF-35C3-06B8-42D89D95092B}
		{1DB0E0C6-839C-4335-AABB-D5C3CBBD8C13} = {1BFC9479-12BF-35C3-06B8-42D89D95092B}
		{6C0557C3-B1C9-A54D-46F8-F4FBBDE30E30} = {984BB9B3-3FA3-BE33-9484-CAC21695A33C}
		{DFDE7786-0DE7-4C3A-AAD9-219DEBEBB598} = {6C0557C3-B1C9-A54D-46F8-F4FBBDE30E30}
		{CA15E31E-CB60-F235-5CDF-2E527A86A72C} = {984BB9B3-3FA3-BE33-9484-CAC21695A33C}
		{CF115BDC-E4ED-4050-B5E7-4D9276C53513} = {CA15E31E-CB60-F235-5CDF-2E527A86A72C}
		{2FD4B0BF-30E5-4A23-899F-9E6ED72E707E} = {CA15E31E-CB60-F235-5CDF-2E527A86A72C}
		{9F83BA7D-C1AB-4F3E-AC47-D3DD703A2A0E} = {CA15E31E-CB60-F235-5CDF-2E527A86A72C}
		{A6DDC54E-A3CC-43AA-9800-12BCAA61BBCE} = {CA15E31E-CB60-F235-5CDF-2E527A86A72C}
		{E5F8A91A-F9F4-45C4-8D63-95226E265373} = {0AB3BF05-4346-4AA6-1389-037BE0695223}
		{90298CBA-BD6F-3A0A-69D5-97CAD7B05E7E} = {827E0CD3-B72D-47B6-A68D-7590B98EB39B}
		{B72EBD81-2FE3-4C4F-9DA8-01710D71BEC4} = {90298CBA-BD6F-3A0A-69D5-97CAD7B05E7E}
		{D3BAB01C-7F3F-8576-96BE-8BE70C9B9915} = {984BB9B3-3FA3-BE33-9484-CAC21695A33C}
		{9CD93FB2-7A74-44DC-9ED3-4614580CE65C} = {D3BAB01C-7F3F-8576-96BE-8BE70C9B9915}
		{51194C77-19D3-4622-80CE-20CECB164780} = {D3BAB01C-7F3F-8576-96BE-8BE70C9B9915}
		{8FF2A407-44E5-4DA9-8193-61478F32695D} = {D3BAB01C-7F3F-8576-96BE-8BE70C9B9915}
		{33B0E6FD-AA59-4F44-A180-4379B3DC4102} = {D3BAB01C-7F3F-8576-96BE-8BE70C9B9915}
		{BAFC6DA8-A019-45F4-AF27-880A9CF78679} = {0AB3BF05-4346-4AA6-1389-037BE0695223}
		{3FB03296-F262-2760-9861-73C41AF3766C} = {984BB9B3-3FA3-BE33-9484-CAC21695A33C}
		{D764374F-038E-4098-8F79-2D2201502C31} = {3FB03296-F262-2760-9861-73C41AF3766C}
		{6306A8FB-679E-111F-6585-8F70E0EE6013} = {827E0CD3-B72D-47B6-A68D-7590B98EB39B}
		{07127759-7C33-4A42-BFBE-E5A712BEF26A} = {6306A8FB-679E-111F-6585-8F70E0EE6013}
		{7237B2D9-90BA-4420-90E0-D6E24CE41631} = {90298CBA-BD6F-3A0A-69D5-97CAD7B05E7E}
		{C5FBE174-8E0F-F5A3-B929-8BD0C55C0A32} = {984BB9B3-3FA3-BE33-9484-CAC21695A33C}
		{37F0394C-6B7D-4FE2-AD19-C659E03D2BA5} = {C5FBE174-8E0F-F5A3-B929-8BD0C55C0A32}
	EndGlobalSection
EndGlobal
